// !$*UTF8*$!
{
	archiveVersion = 1;
	classes = {
	};
	objectVersion = 48;
	objects = {

/* Begin PBXBuildFile section */
		EB740E521F612DE500D945EE /* AppDelegate.swift in Sources */ = {isa = PBXBuildFile; fileRef = EB740E511F612DE500D945EE /* AppDelegate.swift */; };
		EB740E541F612DE500D945EE /* ViewController.swift in Sources */ = {isa = PBXBuildFile; fileRef = EB740E531F612DE500D945EE /* ViewController.swift */; };
		EB740E571F612DE500D945EE /* Main.storyboard in Resources */ = {isa = PBXBuildFile; fileRef = EB740E551F612DE500D945EE /* Main.storyboard */; };
		EB740E5A1F612DE500D945EE /* TableView.xcdatamodeld in Sources */ = {isa = PBXBuildFile; fileRef = EB740E581F612DE500D945EE /* TableView.xcdatamodeld */; };
		EB740E5C1F612DE500D945EE /* Assets.xcassets in Resources */ = {isa = PBXBuildFile; fileRef = EB740E5B1F612DE500D945EE /* Assets.xcassets */; };
		EB740E5F1F612DE500D945EE /* LaunchScreen.storyboard in Resources */ = {isa = PBXBuildFile; fileRef = EB740E5D1F612DE500D945EE /* LaunchScreen.storyboard */; };
		EB740E6A1F612DE500D945EE /* TableViewTests.swift in Sources */ = {isa = PBXBuildFile; fileRef = EB740E691F612DE500D945EE /* TableViewTests.swift */; };
		EB740E751F612DE500D945EE /* TableViewUITests.swift in Sources */ = {isa = PBXBuildFile; fileRef = EB740E741F612DE500D945EE /* TableViewUITests.swift */; };
		EB740E831F61422300D945EE /* TableViewCell.swift in Sources */ = {isa = PBXBuildFile; fileRef = EB740E821F61422300D945EE /* TableViewCell.swift */; };
		EB740E851F61586F00D945EE /* SecondTableViewCell.swift in Sources */ = {isa = PBXBuildFile; fileRef = EB740E841F61586F00D945EE /* SecondTableViewCell.swift */; };
/* End PBXBuildFile section */

/* Begin PBXContainerItemProxy section */
		EB740E661F612DE500D945EE /* PBXContainerItemProxy */ = {
			isa = PBXContainerItemProxy;
			containerPortal = EB740E461F612DE500D945EE /* Project object */;
			proxyType = 1;
			remoteGlobalIDString = EB740E4D1F612DE500D945EE;
			remoteInfo = TableView;
		};
		EB740E711F612DE500D945EE /* PBXContainerItemProxy */ = {
			isa = PBXContainerItemProxy;
			containerPortal = EB740E461F612DE500D945EE /* Project object */;
			proxyType = 1;
			remoteGlobalIDString = EB740E4D1F612DE500D945EE;
			remoteInfo = TableView;
		};
/* End PBXContainerItemProxy section */

/* Begin PBXFileReference section */
		EB740E4E1F612DE500D945EE /* TableView.app */ = {isa = PBXFileReference; explicitFileType = wrapper.application; includeInIndex = 0; path = TableView.app; sourceTree = BUILT_PRODUCTS_DIR; };
		EB740E511F612DE500D945EE /* AppDelegate.swift */ = {isa = PBXFileReference; lastKnownFileType = sourcecode.swift; path = AppDelegate.swift; sourceTree = "<group>"; };
		EB740E531F612DE500D945EE /* ViewController.swift */ = {isa = PBXFileReference; lastKnownFileType = sourcecode.swift; path = ViewController.swift; sourceTree = "<group>"; };
		EB740E561F612DE500D945EE /* Base */ = {isa = PBXFileReference; lastKnownFileType = file.storyboard; name = Base; path = Base.lproj/Main.storyboard; sourceTree = "<group>"; };
		EB740E591F612DE500D945EE /* TableView.xcdatamodel */ = {isa = PBXFileReference; lastKnownFileType = wrapper.xcdatamodel; path = TableView.xcdatamodel; sourceTree = "<group>"; };
		EB740E5B1F612DE500D945EE /* Assets.xcassets */ = {isa = PBXFileReference; lastKnownFileType = folder.assetcatalog; path = Assets.xcassets; sourceTree = "<group>"; };
		EB740E5E1F612DE500D945EE /* Base */ = {isa = PBXFileReference; lastKnownFileType = file.storyboard; name = Base; path = Base.lproj/LaunchScreen.storyboard; sourceTree = "<group>"; };
		EB740E601F612DE500D945EE /* Info.plist */ = {isa = PBXFileReference; lastKnownFileType = text.plist.xml; path = Info.plist; sourceTree = "<group>"; };
		EB740E651F612DE500D945EE /* TableViewTests.xctest */ = {isa = PBXFileReference; explicitFileType = wrapper.cfbundle; includeInIndex = 0; path = TableViewTests.xctest; sourceTree = BUILT_PRODUCTS_DIR; };
		EB740E691F612DE500D945EE /* TableViewTests.swift */ = {isa = PBXFileReference; lastKnownFileType = sourcecode.swift; path = TableViewTests.swift; sourceTree = "<group>"; };
		EB740E6B1F612DE500D945EE /* Info.plist */ = {isa = PBXFileReference; lastKnownFileType = text.plist.xml; path = Info.plist; sourceTree = "<group>"; };
		EB740E701F612DE500D945EE /* TableViewUITests.xctest */ = {isa = PBXFileReference; explicitFileType = wrapper.cfbundle; includeInIndex = 0; path = TableViewUITests.xctest; sourceTree = BUILT_PRODUCTS_DIR; };
		EB740E741F612DE500D945EE /* TableViewUITests.swift */ = {isa = PBXFileReference; lastKnownFileType = sourcecode.swift; path = TableViewUITests.swift; sourceTree = "<group>"; };
		EB740E761F612DE500D945EE /* Info.plist */ = {isa = PBXFileReference; lastKnownFileType = text.plist.xml; path = Info.plist; sourceTree = "<group>"; };
		EB740E821F61422300D945EE /* TableViewCell.swift */ = {isa = PBXFileReference; lastKnownFileType = sourcecode.swift; path = TableViewCell.swift; sourceTree = "<group>"; };
		EB740E841F61586F00D945EE /* SecondTableViewCell.swift */ = {isa = PBXFileReference; lastKnownFileType = sourcecode.swift; path = SecondTableViewCell.swift; sourceTree = "<group>"; };
/* End PBXFileReference section */

/* Begin PBXFrameworksBuildPhase section */
		EB740E4B1F612DE500D945EE /* Frameworks */ = {
			isa = PBXFrameworksBuildPhase;
			buildActionMask = 2147483647;
			files = (
			);
			runOnlyForDeploymentPostprocessing = 0;
		};
		EB740E621F612DE500D945EE /* Frameworks */ = {
			isa = PBXFrameworksBuildPhase;
			buildActionMask = 2147483647;
			files = (
			);
			runOnlyForDeploymentPostprocessing = 0;
		};
		EB740E6D1F612DE500D945EE /* Frameworks */ = {
			isa = PBXFrameworksBuildPhase;
			buildActionMask = 2147483647;
			files = (
			);
			runOnlyForDeploymentPostprocessing = 0;
		};
/* End PBXFrameworksBuildPhase section */

/* Begin PBXGroup section */
		EB740E451F612DE500D945EE = {
			isa = PBXGroup;
			children = (
				EB740E501F612DE500D945EE /* TableView */,
				EB740E681F612DE500D945EE /* TableViewTests */,
				EB740E731F612DE500D945EE /* TableViewUITests */,
				EB740E4F1F612DE500D945EE /* Products */,
			);
			sourceTree = "<group>";
		};
		EB740E4F1F612DE500D945EE /* Products */ = {
			isa = PBXGroup;
			children = (
				EB740E4E1F612DE500D945EE /* TableView.app */,
				EB740E651F612DE500D945EE /* TableViewTests.xctest */,
				EB740E701F612DE500D945EE /* TableViewUITests.xctest */,
			);
			name = Products;
			sourceTree = "<group>";
		};
		EB740E501F612DE500D945EE /* TableView */ = {
			isa = PBXGroup;
			children = (
				EB740E511F612DE500D945EE /* AppDelegate.swift */,
				EB740E531F612DE500D945EE /* ViewController.swift */,
				EB740E821F61422300D945EE /* TableViewCell.swift */,
				EB740E841F61586F00D945EE /* SecondTableViewCell.swift */,
				EB740E551F612DE500D945EE /* Main.storyboard */,
				EB740E5B1F612DE500D945EE /* Assets.xcassets */,
				EB740E5D1F612DE500D945EE /* LaunchScreen.storyboard */,
				EB740E601F612DE500D945EE /* Info.plist */,
				EB740E581F612DE500D945EE /* TableView.xcdatamodeld */,
			);
			path = TableView;
			sourceTree = "<group>";
		};
		EB740E681F612DE500D945EE /* TableViewTests */ = {
			isa = PBXGroup;
			children = (
				EB740E691F612DE500D945EE /* TableViewTests.swift */,
				EB740E6B1F612DE500D945EE /* Info.plist */,
			);
			path = TableViewTests;
			sourceTree = "<group>";
		};
		EB740E731F612DE500D945EE /* TableViewUITests */ = {
			isa = PBXGroup;
			children = (
				EB740E741F612DE500D945EE /* TableViewUITests.swift */,
				EB740E761F612DE500D945EE /* Info.plist */,
			);
			path = TableViewUITests;
			sourceTree = "<group>";
		};
/* End PBXGroup section */

/* Begin PBXNativeTarget section */
		EB740E4D1F612DE500D945EE /* TableView */ = {
			isa = PBXNativeTarget;
			buildConfigurationList = EB740E791F612DE500D945EE /* Build configuration list for PBXNativeTarget "TableView" */;
			buildPhases = (
				EB740E4A1F612DE500D945EE /* Sources */,
				EB740E4B1F612DE500D945EE /* Frameworks */,
				EB740E4C1F612DE500D945EE /* Resources */,
			);
			buildRules = (
			);
			dependencies = (
			);
			name = TableView;
			productName = TableView;
			productReference = EB740E4E1F612DE500D945EE /* TableView.app */;
			productType = "com.apple.product-type.application";
		};
		EB740E641F612DE500D945EE /* TableViewTests */ = {
			isa = PBXNativeTarget;
			buildConfigurationList = EB740E7C1F612DE500D945EE /* Build configuration list for PBXNativeTarget "TableViewTests" */;
			buildPhases = (
				EB740E611F612DE500D945EE /* Sources */,
				EB740E621F612DE500D945EE /* Frameworks */,
				EB740E631F612DE500D945EE /* Resources */,
			);
			buildRules = (
			);
			dependencies = (
				EB740E671F612DE500D945EE /* PBXTargetDependency */,
			);
			name = TableViewTests;
			productName = TableViewTests;
			productReference = EB740E651F612DE500D945EE /* TableViewTests.xctest */;
			productType = "com.apple.product-type.bundle.unit-test";
		};
		EB740E6F1F612DE500D945EE /* TableViewUITests */ = {
			isa = PBXNativeTarget;
			buildConfigurationList = EB740E7F1F612DE500D945EE /* Build configuration list for PBXNativeTarget "TableViewUITests" */;
			buildPhases = (
				EB740E6C1F612DE500D945EE /* Sources */,
				EB740E6D1F612DE500D945EE /* Frameworks */,
				EB740E6E1F612DE500D945EE /* Resources */,
			);
			buildRules = (
			);
			dependencies = (
				EB740E721F612DE500D945EE /* PBXTargetDependency */,
			);
			name = TableViewUITests;
			productName = TableViewUITests;
			productReference = EB740E701F612DE500D945EE /* TableViewUITests.xctest */;
			productType = "com.apple.product-type.bundle.ui-testing";
		};
/* End PBXNativeTarget section */

/* Begin PBXProject section */
		EB740E461F612DE500D945EE /* Project object */ = {
			isa = PBXProject;
			attributes = {
				LastSwiftUpdateCheck = 0900;
				LastUpgradeCheck = 0900;
				ORGANIZATIONNAME = "Calle Engene";
				TargetAttributes = {
					EB740E4D1F612DE500D945EE = {
						CreatedOnToolsVersion = 9.0;
						ProvisioningStyle = Automatic;
					};
					EB740E641F612DE500D945EE = {
						CreatedOnToolsVersion = 9.0;
						ProvisioningStyle = Automatic;
						TestTargetID = EB740E4D1F612DE500D945EE;
					};
					EB740E6F1F612DE500D945EE = {
						CreatedOnToolsVersion = 9.0;
						ProvisioningStyle = Automatic;
						TestTargetID = EB740E4D1F612DE500D945EE;
					};
				};
			};
			buildConfigurationList = EB740E491F612DE500D945EE /* Build configuration list for PBXProject "TableView" */;
			compatibilityVersion = "Xcode 8.0";
			developmentRegion = en;
			hasScannedForEncodings = 0;
			knownRegions = (
				en,
				Base,
			);
			mainGroup = EB740E451F612DE500D945EE;
			productRefGroup = EB740E4F1F612DE500D945EE /* Products */;
			projectDirPath = "";
			projectRoot = "";
			targets = (
				EB740E4D1F612DE500D945EE /* TableView */,
				EB740E641F612DE500D945EE /* TableViewTests */,
				EB740E6F1F612DE500D945EE /* TableViewUITests */,
			);
		};
/* End PBXProject section */

/* Begin PBXResourcesBuildPhase section */
		EB740E4C1F612DE500D945EE /* Resources */ = {
			isa = PBXResourcesBuildPhase;
			buildActionMask = 2147483647;
			files = (
				EB740E5F1F612DE500D945EE /* LaunchScreen.storyboard in Resources */,
				EB740E5C1F612DE500D945EE /* Assets.xcassets in Resources */,
				EB740E571F612DE500D945EE /* Main.storyboard in Resources */,
			);
			runOnlyForDeploymentPostprocessing = 0;
		};
		EB740E631F612DE500D945EE /* Resources */ = {
			isa = PBXResourcesBuildPhase;
			buildActionMask = 2147483647;
			files = (
			);
			runOnlyForDeploymentPostprocessing = 0;
		};
		EB740E6E1F612DE500D945EE /* Resources */ = {
			isa = PBXResourcesBuildPhase;
			buildActionMask = 2147483647;
			files = (
			);
			runOnlyForDeploymentPostprocessing = 0;
		};
/* End PBXResourcesBuildPhase section */

/* Begin PBXSourcesBuildPhase section */
		EB740E4A1F612DE500D945EE /* Sources */ = {
			isa = PBXSourcesBuildPhase;
			buildActionMask = 2147483647;
			files = (
				EB740E541F612DE500D945EE /* ViewController.swift in Sources */,
				EB740E851F61586F00D945EE /* SecondTableViewCell.swift in Sources */,
				EB740E831F61422300D945EE /* TableViewCell.swift in Sources */,
				EB740E5A1F612DE500D945EE /* TableView.xcdatamodeld in Sources */,
				EB740E521F612DE500D945EE /* AppDelegate.swift in Sources */,
			);
			runOnlyForDeploymentPostprocessing = 0;
		};
		EB740E611F612DE500D945EE /* Sources */ = {
			isa = PBXSourcesBuildPhase;
			buildActionMask = 2147483647;
			files = (
				EB740E6A1F612DE500D945EE /* TableViewTests.swift in Sources */,
			);
			runOnlyForDeploymentPostprocessing = 0;
		};
		EB740E6C1F612DE500D945EE /* Sources */ = {
			isa = PBXSourcesBuildPhase;
			buildActionMask = 2147483647;
			files = (
				EB740E751F612DE500D945EE /* TableViewUITests.swift in Sources */,
			);
			runOnlyForDeploymentPostprocessing = 0;
		};
/* End PBXSourcesBuildPhase section */

/* Begin PBXTargetDependency section */
		EB740E671F612DE500D945EE /* PBXTargetDependency */ = {
			isa = PBXTargetDependency;
			target = EB740E4D1F612DE500D945EE /* TableView */;
			targetProxy = EB740E661F612DE500D945EE /* PBXContainerItemProxy */;
		};
		EB740E721F612DE500D945EE /* PBXTargetDependency */ = {
			isa = PBXTargetDependency;
			target = EB740E4D1F612DE500D945EE /* TableView */;
			targetProxy = EB740E711F612DE500D945EE /* PBXContainerItemProxy */;
		};
/* End PBXTargetDependency section */

/* Begin PBXVariantGroup section */
		EB740E551F612DE500D945EE /* Main.storyboard */ = {
			isa = PBXVariantGroup;
			children = (
				EB740E561F612DE500D945EE /* Base */,
			);
			name = Main.storyboard;
			sourceTree = "<group>";
		};
		EB740E5D1F612DE500D945EE /* LaunchScreen.storyboard */ = {
			isa = PBXVariantGroup;
			children = (
				EB740E5E1F612DE500D945EE /* Base */,
			);
			name = LaunchScreen.storyboard;
			sourceTree = "<group>";
		};
/* End PBXVariantGroup section */

/* Begin XCBuildConfiguration section */
		EB740E771F612DE500D945EE /* Debug */ = {
			isa = XCBuildConfiguration;
			buildSettings = {
				ALWAYS_SEARCH_USER_PATHS = NO;
				CLANG_ANALYZER_NONNULL = YES;
				CLANG_ANALYZER_NUMBER_OBJECT_CONVERSION = YES_AGGRESSIVE;
				CLANG_CXX_LANGUAGE_STANDARD = "gnu++14";
				CLANG_CXX_LIBRARY = "libc++";
				CLANG_ENABLE_MODULES = YES;
				CLANG_ENABLE_OBJC_ARC = YES;
				CLANG_WARN_BLOCK_CAPTURE_AUTORELEASING = YES;
				CLANG_WARN_BOOL_CONVERSION = YES;
				CLANG_WARN_COMMA = YES;
				CLANG_WARN_CONSTANT_CONVERSION = YES;
				CLANG_WARN_DIRECT_OBJC_ISA_USAGE = YES_ERROR;
				CLANG_WARN_DOCUMENTATION_COMMENTS = YES;
				CLANG_WARN_EMPTY_BODY = YES;
				CLANG_WARN_ENUM_CONVERSION = YES;
				CLANG_WARN_INFINITE_RECURSION = YES;
				CLANG_WARN_INT_CONVERSION = YES;
				CLANG_WARN_NON_LITERAL_NULL_CONVERSION = YES;
				CLANG_WARN_OBJC_LITERAL_CONVERSION = YES;
				CLANG_WARN_OBJC_ROOT_CLASS = YES_ERROR;
				CLANG_WARN_RANGE_LOOP_ANALYSIS = YES;
				CLANG_WARN_STRICT_PROTOTYPES = YES;
				CLANG_WARN_SUSPICIOUS_MOVE = YES;
				CLANG_WARN_UNGUARDED_AVAILABILITY = YES_AGGRESSIVE;
				CLANG_WARN_UNREACHABLE_CODE = YES;
				CLANG_WARN__DUPLICATE_METHOD_MATCH = YES;
				CODE_SIGN_IDENTITY = "iPhone Developer";
				COPY_PHASE_STRIP = NO;
				DEBUG_INFORMATION_FORMAT = dwarf;
				ENABLE_STRICT_OBJC_MSGSEND = YES;
				ENABLE_TESTABILITY = YES;
				GCC_C_LANGUAGE_STANDARD = gnu11;
				GCC_DYNAMIC_NO_PIC = NO;
				GCC_NO_COMMON_BLOCKS = YES;
				GCC_OPTIMIZATION_LEVEL = 0;
				GCC_PREPROCESSOR_DEFINITIONS = (
					"DEBUG=1",
					"$(inherited)",
				);
				GCC_WARN_64_TO_32_BIT_CONVERSION = YES;
				GCC_WARN_ABOUT_RETURN_TYPE = YES_ERROR;
				GCC_WARN_UNDECLARED_SELECTOR = YES;
				GCC_WARN_UNINITIALIZED_AUTOS = YES_AGGRESSIVE;
				GCC_WARN_UNUSED_FUNCTION = YES;
				GCC_WARN_UNUSED_VARIABLE = YES;
				IPHONEOS_DEPLOYMENT_TARGET = 11.0;
				MTL_ENABLE_DEBUG_INFO = YES;
				ONLY_ACTIVE_ARCH = YES;
				SDKROOT = iphoneos;
				SWIFT_ACTIVE_COMPILATION_CONDITIONS = DEBUG;
				SWIFT_OPTIMIZATION_LEVEL = "-Onone";
			};
			name = Debug;
		};
		EB740E781F612DE500D945EE /* Release */ = {
			isa = XCBuildConfiguration;
			buildSettings = {
				ALWAYS_SEARCH_USER_PATHS = NO;
				CLANG_ANALYZER_NONNULL = YES;
				CLANG_ANALYZER_NUMBER_OBJECT_CONVERSION = YES_AGGRESSIVE;
				CLANG_CXX_LANGUAGE_STANDARD = "gnu++14";
				CLANG_CXX_LIBRARY = "libc++";
				CLANG_ENABLE_MODULES = YES;
				CLANG_ENABLE_OBJC_ARC = YES;
				CLANG_WARN_BLOCK_CAPTURE_AUTORELEASING = YES;
				CLANG_WARN_BOOL_CONVERSION = YES;
				CLANG_WARN_COMMA = YES;
				CLANG_WARN_CONSTANT_CONVERSION = YES;
				CLANG_WARN_DIRECT_OBJC_ISA_USAGE = YES_ERROR;
				CLANG_WARN_DOCUMENTATION_COMMENTS = YES;
				CLANG_WARN_EMPTY_BODY = YES;
				CLANG_WARN_ENUM_CONVERSION = YES;
				CLANG_WARN_INFINITE_RECURSION = YES;
				CLANG_WARN_INT_CONVERSION = YES;
				CLANG_WARN_NON_LITERAL_NULL_CONVERSION = YES;
				CLANG_WARN_OBJC_LITERAL_CONVERSION = YES;
				CLANG_WARN_OBJC_ROOT_CLASS = YES_ERROR;
				CLANG_WARN_RANGE_LOOP_ANALYSIS = YES;
				CLANG_WARN_STRICT_PROTOTYPES = YES;
				CLANG_WARN_SUSPICIOUS_MOVE = YES;
				CLANG_WARN_UNGUARDED_AVAILABILITY = YES_AGGRESSIVE;
				CLANG_WARN_UNREACHABLE_CODE = YES;
				CLANG_WARN__DUPLICATE_METHOD_MATCH = YES;
				CODE_SIGN_IDENTITY = "iPhone Developer";
				COPY_PHASE_STRIP = NO;
				DEBUG_INFORMATION_FORMAT = "dwarf-with-dsym";
				ENABLE_NS_ASSERTIONS = NO;
				ENABLE_STRICT_OBJC_MSGSEND = YES;
				GCC_C_LANGUAGE_STANDARD = gnu11;
				GCC_NO_COMMON_BLOCKS = YES;
				GCC_WARN_64_TO_32_BIT_CONVERSION = YES;
				GCC_WARN_ABOUT_RETURN_TYPE = YES_ERROR;
				GCC_WARN_UNDECLARED_SELECTOR = YES;
				GCC_WARN_UNINITIALIZED_AUTOS = YES_AGGRESSIVE;
				GCC_WARN_UNUSED_FUNCTION = YES;
				GCC_WARN_UNUSED_VARIABLE = YES;
				IPHONEOS_DEPLOYMENT_TARGET = 11.0;
				MTL_ENABLE_DEBUG_INFO = NO;
				SDKROOT = iphoneos;
				SWIFT_OPTIMIZATION_LEVEL = "-Owholemodule";
				VALIDATE_PRODUCT = YES;
			};
			name = Release;
		};
		EB740E7A1F612DE500D945EE /* Debug */ = {
			isa = XCBuildConfiguration;
			buildSettings = {
				ASSETCATALOG_COMPILER_APPICON_NAME = AppIcon;
				CODE_SIGN_STYLE = Automatic;
				DEVELOPMENT_TEAM = 848B6K27TX;
				INFOPLIST_FILE = TableView/Info.plist;
				LD_RUNPATH_SEARCH_PATHS = "$(inherited) @executable_path/Frameworks";
				PRODUCT_BUNDLE_IDENTIFIER = Namaka.TableView;
				PRODUCT_NAME = "$(TARGET_NAME)";
				SWIFT_VERSION = 4.0;
				TARGETED_DEVICE_FAMILY = "1,2";
			};
			name = Debug;
		};
		EB740E7B1F612DE500D945EE /* Release */ = {
			isa = XCBuildConfiguration;
			buildSettings = {
				ASSETCATALOG_COMPILER_APPICON_NAME = AppIcon;
				CODE_SIGN_STYLE = Automatic;
				DEVELOPMENT_TEAM = 848B6K27TX;
				INFOPLIST_FILE = TableView/Info.plist;
				LD_RUNPATH_SEARCH_PATHS = "$(inherited) @executable_path/Frameworks";
				PRODUCT_BUNDLE_IDENTIFIER = Namaka.TableView;
				PRODUCT_NAME = "$(TARGET_NAME)";
				SWIFT_VERSION = 4.0;
				TARGETED_DEVICE_FAMILY = "1,2";
			};
			name = Release;
		};
		EB740E7D1F612DE500D945EE /* Debug */ = {
			isa = XCBuildConfiguration;
			buildSettings = {
				ALWAYS_EMBED_SWIFT_STANDARD_LIBRARIES = YES;
				BUNDLE_LOADER = "$(TEST_HOST)";
				CODE_SIGN_STYLE = Automatic;
				DEVELOPMENT_TEAM = 848B6K27TX;
				INFOPLIST_FILE = TableViewTests/Info.plist;
				LD_RUNPATH_SEARCH_PATHS = "$(inherited) @executable_path/Frameworks @loader_path/Frameworks";
				PRODUCT_BUNDLE_IDENTIFIER = Namaka.TableViewTests;
				PRODUCT_NAME = "$(TARGET_NAME)";
				SWIFT_VERSION = 4.0;
				TARGETED_DEVICE_FAMILY = "1,2";
				TEST_HOST = "$(BUILT_PRODUCTS_DIR)/TableView.app/TableView";
			};
			name = Debug;
		};
		EB740E7E1F612DE500D945EE /* Release */ = {
			isa = XCBuildConfiguration;
			buildSettings = {
				ALWAYS_EMBED_SWIFT_STANDARD_LIBRARIES = YES;
				BUNDLE_LOADER = "$(TEST_HOST)";
				CODE_SIGN_STYLE = Automatic;
				DEVELOPMENT_TEAM = 848B6K27TX;
				INFOPLIST_FILE = TableViewTests/Info.plist;
				LD_RUNPATH_SEARCH_PATHS = "$(inherited) @executable_path/Frameworks @loader_path/Frameworks";
				PRODUCT_BUNDLE_IDENTIFIER = Namaka.TableViewTests;
				PRODUCT_NAME = "$(TARGET_NAME)";
				SWIFT_VERSION = 4.0;
				TARGETED_DEVICE_FAMILY = "1,2";
				TEST_HOST = "$(BUILT_PRODUCTS_DIR)/TableView.app/TableView";
			};
			name = Release;
		};
		EB740E801F612DE500D945EE /* Debug */ = {
			isa = XCBuildConfiguration;
			buildSettings = {
				ALWAYS_EMBED_SWIFT_STANDARD_LIBRARIES = YES;
				CODE_SIGN_STYLE = Automatic;
				DEVELOPMENT_TEAM = 848B6K27TX;
				INFOPLIST_FILE = TableViewUITests/Info.plist;
				LD_RUNPATH_SEARCH_PATHS = "$(inherited) @executable_path/Frameworks @loader_path/Frameworks";
				PRODUCT_BUNDLE_IDENTIFIER = Namaka.TableViewUITests;
				PRODUCT_NAME = "$(TARGET_NAME)";
				SWIFT_VERSION = 4.0;
				TARGETED_DEVICE_FAMILY = "1,2";
				TEST_TARGET_NAME = TableView;
			};
			name = Debug;
		};
		EB740E811F612DE500D945EE /* Release */ = {
			isa = XCBuildConfiguration;
			buildSettings = {
				ALWAYS_EMBED_SWIFT_STANDARD_LIBRARIES = YES;
				CODE_SIGN_STYLE = Automatic;
				DEVELOPMENT_TEAM = 848B6K27TX;
				INFOPLIST_FILE = TableViewUITests/Info.plist;
				LD_RUNPATH_SEARCH_PATHS = "$(inherited) @executable_path/Frameworks @loader_path/Frameworks";
				PRODUCT_BUNDLE_IDENTIFIER = Namaka.TableViewUITests;
				PRODUCT_NAME = "$(TARGET_NAME)";
				SWIFT_VERSION = 4.0;
				TARGETED_DEVICE_FAMILY = "1,2";
				TEST_TARGET_NAME = TableView;
			};
			name = Release;
		};
/* End XCBuildConfiguration section */

/* Begin XCConfigurationList section */
		EB740E491F612DE500D945EE /* Build configuration list for PBXProject "TableView" */ = {
			isa = XCConfigurationList;
			buildConfigurations = (
				EB740E771F612DE500D945EE /* Debug */,
				EB740E781F612DE500D945EE /* Release */,
			);
			defaultConfigurationIsVisible = 0;
			defaultConfigurationName = Release;
		};
		EB740E791F612DE500D945EE /* Build configuration list for PBXNativeTarget "TableView" */ = {
			isa = XCConfigurationList;
			buildConfigurations = (
				EB740E7A1F612DE500D945EE /* Debug */,
				EB740E7B1F612DE500D945EE /* Release */,
			);
			defaultConfigurationIsVisible = 0;
			defaultConfigurationName = Release;
		};
		EB740E7C1F612DE500D945EE /* Build configuration list for PBXNativeTarget "TableViewTests" */ = {
			isa = XCConfigurationList;
			buildConfigurations = (
				EB740E7D1F612DE500D945EE /* Debug */,
				EB740E7E1F612DE500D945EE /* Release */,
			);
			defaultConfigurationIsVisible = 0;
			defaultConfigurationName = Release;
		};
		EB740E7F1F612DE500D945EE /* Build configuration list for PBXNativeTarget "TableViewUITests" */ = {
			isa = XCConfigurationList;
			buildConfigurations = (
				EB740E801F612DE500D945EE /* Debug */,
				EB740E811F612DE500D945EE /* Release */,
			);
			defaultConfigurationIsVisible = 0;
			defaultConfigurationName = Release;
		};
/* End XCConfigurationList section */

/* Begin XCVersionGroup section */
		EB740E581F612DE500D945EE /* TableView.xcdatamodeld */ = {
			isa = XCVersionGroup;
			children = (
				EB740E591F612DE500D945EE /* TableView.xcdatamodel */,
			);
			currentVersion = EB740E591F612DE500D945EE /* TableView.xcdatamodel */;
			path = TableView.xcdatamodeld;
			sourceTree = "<group>";
			versionGroupType = wrapper.xcdatamodel;
		};
/* End XCVersionGroup section */
	};
	rootObject = EB740E461F612DE500D945EE /* Project object */;
}
